
Microsoft Visual Studio Solution File, Format Version 12.00
# Visual Studio Version 17
VisualStudioVersion = 17.14.36109.1 d17.14
MinimumVisualStudioVersion = 10.0.40219.1
Project("{FAE04EC0-301F-11D3-BF4B-00C04F79EFBC}") = "MyDNA.Repositories.DatTT", "MyDNA.Repositories.DatTT\MyDNA.Repositories.DatTT.csproj", "{66164758-2359-1423-2432-9299CD096BAB}"
EndProject
Project("{FAE04EC0-301F-11D3-BF4B-00C04F79EFBC}") = "MyDNA.Services.DatTT", "MyDNA.Services.DatTT\MyDNA.Services.DatTT.csproj", "{509FF5EB-7C8C-F0BF-0FD7-B3FE0CC27312}"
EndProject
Project("{FAE04EC0-301F-11D3-BF4B-00C04F79EFBC}") = "MyDNA.GrpcService.DatTT", "MyDNA.GrpcService.DatTT\MyDNA.GrpcService.DatTT.csproj", "{F682CCF2-F529-4A4E-AB51-D12FECB595B5}"
EndProject
Project("{FAE04EC0-301F-11D3-BF4B-00C04F79EFBC}") = "MyDNA.GrpcClient.ConsoleApp.DatTT", "MyDNA.GrpcClient.ConsoleApp.DatTT\MyDNA.GrpcClient.ConsoleApp.DatTT.csproj", "{B3421995-031D-48E8-8BCE-6386F726C9B1}"
EndProject
Global
	GlobalSection(SolutionConfigurationPlatforms) = preSolution
		Debug|Any CPU = Debug|Any CPU
		Release|Any CPU = Release|Any CPU
	EndGlobalSection
	GlobalSection(ProjectConfigurationPlatforms) = postSolution
		{66164758-2359-1423-2432-9299CD096BAB}.Debug|Any CPU.ActiveCfg = Debug|Any CPU
		{66164758-2359-1423-2432-9299CD096BAB}.Debug|Any CPU.Build.0 = Debug|Any CPU
		{66164758-2359-1423-2432-9299CD096BAB}.Release|Any CPU.ActiveCfg = Release|Any CPU
		{66164758-2359-1423-2432-9299CD096BAB}.Release|Any CPU.Build.0 = Release|Any CPU
		{509FF5EB-7C8C-F0BF-0FD7-B3FE0CC27312}.Debug|Any CPU.ActiveCfg = Debug|Any CPU
		{509FF5EB-7C8C-F0BF-0FD7-B3FE0CC27312}.Debug|Any CPU.Build.0 = Debug|Any CPU
		{509FF5EB-7C8C-F0BF-0FD7-B3FE0CC27312}.Release|Any CPU.ActiveCfg = Release|Any CPU
		{509FF5EB-7C8C-F0BF-0FD7-B3FE0CC27312}.Release|Any CPU.Build.0 = Release|Any CPU
		{F682CCF2-F529-4A4E-AB51-D12FECB595B5}.Debug|Any CPU.ActiveCfg = Debug|Any CPU
		{F682CCF2-F529-4A4E-AB51-D12FECB595B5}.Debug|Any CPU.Build.0 = Debug|Any CPU
		{F682CCF2-F529-4A4E-AB51-D12FECB595B5}.Release|Any CPU.ActiveCfg = Release|Any CPU
		{F682CCF2-F529-4A4E-AB51-D12FECB595B5}.Release|Any CPU.Build.0 = Release|Any CPU
		{B3421995-031D-48E8-8BCE-6386F726C9B1}.Debug|Any CPU.ActiveCfg = Debug|Any CPU
		{B3421995-031D-48E8-8BCE-6386F726C9B1}.Debug|Any CPU.Build.0 = Debug|Any CPU
		{B3421995-031D-48E8-8BCE-6386F726C9B1}.Release|Any CPU.ActiveCfg = Release|Any CPU
		{B3421995-031D-48E8-8BCE-6386F726C9B1}.Release|Any CPU.Build.0 = Release|Any CPU
	EndGlobalSection
	GlobalSection(SolutionProperties) = preSolution
		HideSolutionNode = FALSE
	EndGlobalSection
	GlobalSection(ExtensibilityGlobals) = postSolution
		SolutionGuid = {4EC44D53-168B-47CA-A973-BDF89B0651A8}
	EndGlobalSection
EndGlobal
